
Microsoft Visual Studio Solution File, Format Version 12.00
# Visual Studio Version 16
VisualStudioVersion = 16.0.31727.386
MinimumVisualStudioVersion = 10.0.40219.1
Project("{FAE04EC0-301F-11D3-BF4B-00C04F79EFBC}") = "ByteBank", "ByteBank.csproj", "{EA9FD29D-740B-41DD-B01D-128B8A51C68A}"
EndProject
Global
	GlobalSection(SolutionConfigurationPlatforms) = preSolution
		Debug|Any CPU = Debug|Any CPU
		Release|Any CPU = Release|Any CPU
	EndGlobalSection
	GlobalSection(ProjectConfigurationPlatforms) = postSolution
		{EA9FD29D-740B-41DD-B01D-128B8A51C68A}.Debug|Any CPU.ActiveCfg = Debug|Any CPU
		{EA9FD29D-740B-41DD-B01D-128B8A51C68A}.Debug|Any CPU.Build.0 = Debug|Any CPU
		{EA9FD29D-740B-41DD-B01D-128B8A51C68A}.Release|Any CPU.ActiveCfg = Release|Any CPU
		{EA9FD29D-740B-41DD-B01D-128B8A51C68A}.Release|Any CPU.Build.0 = Release|Any CPU
	EndGlobalSection
	GlobalSection(SolutionProperties) = preSolution
		HideSolutionNode = FALSE
	EndGlobalSection
	GlobalSection(ExtensibilityGlobals) = postSolution
		SolutionGuid = {52F6CF34-560D-4545-9E22-909AD04B8A34}
	EndGlobalSection
EndGlobal
